schema: '2.0'
stages:
  get_data:
    cmd: python src/stage_01_load_save.py
    deps:
    - path: configs/config.yaml
      md5: afbf630525c011f202cb3e5f4a7e13d8
      size: 407
    - path: src/stage_01_load_save.py
      md5: 281acba292bf4cb54a8bdea496a13422
      size: 1595
    - path: src/utils/common.py
      md5: d162961d817182441383bdb0e674e685
      size: 675
    outs:
    - path: artifacts/raw_local_dir/data.csv
      md5: 7d814a1bda02145efe703f4e1c01847a
      size: 93599
